
Microsoft Visual Studio Solution File, Format Version 12.00
# Visual Studio Version 16
VisualStudioVersion = 16.0.29418.71
MinimumVisualStudioVersion = 10.0.40219.1
Project("{FAE04EC0-301F-11D3-BF4B-00C04F79EFBC}") = "CSAc4yJSONObject", "CSAc4yJSONObject\CSAc4yJSONObject.csproj", "{AF4D091E-8F36-4EE3-8804-55AFF9D5690D}"
EndProject
Global
	GlobalSection(SolutionConfigurationPlatforms) = preSolution
		Debug|Any CPU = Debug|Any CPU
		Release|Any CPU = Release|Any CPU
	EndGlobalSection
	GlobalSection(ProjectConfigurationPlatforms) = postSolution
		{AF4D091E-8F36-4EE3-8804-55AFF9D5690D}.Debug|Any CPU.ActiveCfg = Debug|Any CPU
		{AF4D091E-8F36-4EE3-8804-55AFF9D5690D}.Debug|Any CPU.Build.0 = Debug|Any CPU
		{AF4D091E-8F36-4EE3-8804-55AFF9D5690D}.Release|Any CPU.ActiveCfg = Release|Any CPU
		{AF4D091E-8F36-4EE3-8804-55AFF9D5690D}.Release|Any CPU.Build.0 = Release|Any CPU
	EndGlobalSection
	GlobalSection(SolutionProperties) = preSolution
		HideSolutionNode = FALSE
	EndGlobalSection
	GlobalSection(ExtensibilityGlobals) = postSolution
		SolutionGuid = {B925B143-A430-49E1-B0BA-5565ED233A1B}
	EndGlobalSection
EndGlobal
